
Microsoft Visual Studio Solution File, Format Version 12.00
# Visual Studio 2013
VisualStudioVersion = 12.0.21005.1
MinimumVisualStudioVersion = 10.0.40219.1
Project("{FAE04EC0-301F-11D3-BF4B-00C04F79EFBC}") = "Lesson05", "Lesson05\Lesson05.csproj", "{C7BB9164-6F93-4C61-B296-142A57CAC1BE}"
EndProject
Project("{FAE04EC0-301F-11D3-BF4B-00C04F79EFBC}") = "MYLesson05Labs", "MYLesson05Labs\MYLesson05Labs.csproj", "{7C0991BA-D329-4272-8735-3A7E9B3E0B72}"
EndProject
Project("{FAE04EC0-301F-11D3-BF4B-00C04F79EFBC}") = "MasterPractice", "MasterPractice\MasterPractice.csproj", "{F670C7A2-1095-44EC-B80D-CF8BE0168CD3}"
EndProject
Global
	GlobalSection(SolutionConfigurationPlatforms) = preSolution
		Debug|Any CPU = Debug|Any CPU
		Release|Any CPU = Release|Any CPU
	EndGlobalSection
	GlobalSection(ProjectConfigurationPlatforms) = postSolution
		{C7BB9164-6F93-4C61-B296-142A57CAC1BE}.Debug|Any CPU.ActiveCfg = Debug|Any CPU
		{C7BB9164-6F93-4C61-B296-142A57CAC1BE}.Debug|Any CPU.Build.0 = Debug|Any CPU
		{C7BB9164-6F93-4C61-B296-142A57CAC1BE}.Release|Any CPU.ActiveCfg = Release|Any CPU
		{C7BB9164-6F93-4C61-B296-142A57CAC1BE}.Release|Any CPU.Build.0 = Release|Any CPU
		{7C0991BA-D329-4272-8735-3A7E9B3E0B72}.Debug|Any CPU.ActiveCfg = Debug|Any CPU
		{7C0991BA-D329-4272-8735-3A7E9B3E0B72}.Debug|Any CPU.Build.0 = Debug|Any CPU
		{7C0991BA-D329-4272-8735-3A7E9B3E0B72}.Release|Any CPU.ActiveCfg = Release|Any CPU
		{7C0991BA-D329-4272-8735-3A7E9B3E0B72}.Release|Any CPU.Build.0 = Release|Any CPU
		{F670C7A2-1095-44EC-B80D-CF8BE0168CD3}.Debug|Any CPU.ActiveCfg = Debug|Any CPU
		{F670C7A2-1095-44EC-B80D-CF8BE0168CD3}.Debug|Any CPU.Build.0 = Debug|Any CPU
		{F670C7A2-1095-44EC-B80D-CF8BE0168CD3}.Release|Any CPU.ActiveCfg = Release|Any CPU
		{F670C7A2-1095-44EC-B80D-CF8BE0168CD3}.Release|Any CPU.Build.0 = Release|Any CPU
	EndGlobalSection
	GlobalSection(SolutionProperties) = preSolution
		HideSolutionNode = FALSE
	EndGlobalSection
EndGlobal
