
Microsoft Visual Studio Solution File, Format Version 12.00
# Visual Studio 2013
VisualStudioVersion = 12.0.21005.1
MinimumVisualStudioVersion = 10.0.40219.1
Project("{FAE04EC0-301F-11D3-BF4B-00C04F79EFBC}") = "Lesson04", "Lesson04\Lesson04.csproj", "{B322FA74-9E7A-4639-9C5D-BC95EA6374D4}"
EndProject
Global
	GlobalSection(SolutionConfigurationPlatforms) = preSolution
		Debug|Any CPU = Debug|Any CPU
		Release|Any CPU = Release|Any CPU
	EndGlobalSection
	GlobalSection(ProjectConfigurationPlatforms) = postSolution
		{B322FA74-9E7A-4639-9C5D-BC95EA6374D4}.Debug|Any CPU.ActiveCfg = Debug|Any CPU
		{B322FA74-9E7A-4639-9C5D-BC95EA6374D4}.Debug|Any CPU.Build.0 = Debug|Any CPU
		{B322FA74-9E7A-4639-9C5D-BC95EA6374D4}.Release|Any CPU.ActiveCfg = Release|Any CPU
		{B322FA74-9E7A-4639-9C5D-BC95EA6374D4}.Release|Any CPU.Build.0 = Release|Any CPU
	EndGlobalSection
	GlobalSection(SolutionProperties) = preSolution
		HideSolutionNode = FALSE
	EndGlobalSection
EndGlobal
